
Microsoft Visual Studio Solution File, Format Version 12.00
# Visual Studio Version 16
VisualStudioVersion = 16.0.29709.97
MinimumVisualStudioVersion = 10.0.40219.1
Project("{FAE04EC0-301F-11D3-BF4B-00C04F79EFBC}") = "TPCB", "TPCB\TPCB.csproj", "{AF0FF53B-8BE0-42F9-A009-8B1C199380B4}"
EndProject
Global
	GlobalSection(SolutionConfigurationPlatforms) = preSolution
		Debug|Any CPU = Debug|Any CPU
		Release|Any CPU = Release|Any CPU
	EndGlobalSection
	GlobalSection(ProjectConfigurationPlatforms) = postSolution
		{AF0FF53B-8BE0-42F9-A009-8B1C199380B4}.Debug|Any CPU.ActiveCfg = Debug|Any CPU
		{AF0FF53B-8BE0-42F9-A009-8B1C199380B4}.Debug|Any CPU.Build.0 = Debug|Any CPU
		{AF0FF53B-8BE0-42F9-A009-8B1C199380B4}.Release|Any CPU.ActiveCfg = Release|Any CPU
		{AF0FF53B-8BE0-42F9-A009-8B1C199380B4}.Release|Any CPU.Build.0 = Release|Any CPU
	EndGlobalSection
	GlobalSection(SolutionProperties) = preSolution
		HideSolutionNode = FALSE
	EndGlobalSection
	GlobalSection(ExtensibilityGlobals) = postSolution
		SolutionGuid = {5AA463B2-2CCF-4919-9ED3-11C32210489C}
	EndGlobalSection
EndGlobal
